
Microsoft Visual Studio Solution File, Format Version 12.00
# Visual Studio Version 17
VisualStudioVersion = 17.7.34031.279
MinimumVisualStudioVersion = 10.0.40219.1
Project("{FAE04EC0-301F-11D3-BF4B-00C04F79EFBC}") = "Övning", "Övning.csproj", "{53136091-2DD0-4A68-A16B-B7593760E102}"
EndProject
Global
	GlobalSection(SolutionConfigurationPlatforms) = preSolution
		Debug|Any CPU = Debug|Any CPU
		Release|Any CPU = Release|Any CPU
	EndGlobalSection
	GlobalSection(ProjectConfigurationPlatforms) = postSolution
		{53136091-2DD0-4A68-A16B-B7593760E102}.Debug|Any CPU.ActiveCfg = Debug|Any CPU
		{53136091-2DD0-4A68-A16B-B7593760E102}.Debug|Any CPU.Build.0 = Debug|Any CPU
		{53136091-2DD0-4A68-A16B-B7593760E102}.Release|Any CPU.ActiveCfg = Release|Any CPU
		{53136091-2DD0-4A68-A16B-B7593760E102}.Release|Any CPU.Build.0 = Release|Any CPU
	EndGlobalSection
	GlobalSection(SolutionProperties) = preSolution
		HideSolutionNode = FALSE
	EndGlobalSection
	GlobalSection(ExtensibilityGlobals) = postSolution
		SolutionGuid = {A0FE2F66-FFBC-4BD7-8285-56426D96DC53}
	EndGlobalSection
EndGlobal
