
Microsoft Visual Studio Solution File, Format Version 12.00
# Visual Studio Version 17
VisualStudioVersion = 17.7.34031.279
MinimumVisualStudioVersion = 10.0.40219.1
Project("{FAE04EC0-301F-11D3-BF4B-00C04F79EFBC}") = "ChessBoardV2", "ChessBoardV2.csproj", "{C8794A21-BFAF-45CB-9475-5D818E5F34A7}"
EndProject
Global
	GlobalSection(SolutionConfigurationPlatforms) = preSolution
		Debug|Any CPU = Debug|Any CPU
		Release|Any CPU = Release|Any CPU
	EndGlobalSection
	GlobalSection(ProjectConfigurationPlatforms) = postSolution
		{C8794A21-BFAF-45CB-9475-5D818E5F34A7}.Debug|Any CPU.ActiveCfg = Debug|Any CPU
		{C8794A21-BFAF-45CB-9475-5D818E5F34A7}.Debug|Any CPU.Build.0 = Debug|Any CPU
		{C8794A21-BFAF-45CB-9475-5D818E5F34A7}.Release|Any CPU.ActiveCfg = Release|Any CPU
		{C8794A21-BFAF-45CB-9475-5D818E5F34A7}.Release|Any CPU.Build.0 = Release|Any CPU
	EndGlobalSection
	GlobalSection(SolutionProperties) = preSolution
		HideSolutionNode = FALSE
	EndGlobalSection
	GlobalSection(ExtensibilityGlobals) = postSolution
		SolutionGuid = {F42BF031-AA1E-418C-BA7F-51C8065BD103}
	EndGlobalSection
EndGlobal
